
Microsoft Visual Studio Solution File, Format Version 12.00
# Visual Studio Version 17
VisualStudioVersion = 17.10.34928.147
MinimumVisualStudioVersion = 10.0.40219.1
Project("{9A19103F-16F7-4668-BE54-9A1E7A4F7556}") = "Buoi7.Bai1", "Buoi7.Bai1.csproj", "{7D61506C-52EC-41A4-BF2F-6F8E4FEEE9A1}"
EndProject
Project("{FAE04EC0-301F-11D3-BF4B-00C04F79EFBC}") = "Buoi7.Bai2", "..\Buoi7.Bai2\Buoi7.Bai2.csproj", "{9F2877E7-0BDD-4E2F-9290-6E18F8D60BBF}"
EndProject
Project("{FAE04EC0-301F-11D3-BF4B-00C04F79EFBC}") = "Buoi7.Bai3", "..\Buoi7.Bai3\Buoi7.Bai3.csproj", "{5A6BEB57-0467-442B-BC24-8CE7C3FFBDD3}"
EndProject
Project("{FAE04EC0-301F-11D3-BF4B-00C04F79EFBC}") = "Buoi7.Common", "..\Buoi7.Common\Buoi7.Common.csproj", "{D9FB3E9F-F77B-47DC-99DA-C36B25C7E70F}"
EndProject
Global
	GlobalSection(SolutionConfigurationPlatforms) = preSolution
		Debug|Any CPU = Debug|Any CPU
		Release|Any CPU = Release|Any CPU
	EndGlobalSection
	GlobalSection(ProjectConfigurationPlatforms) = postSolution
		{7D61506C-52EC-41A4-BF2F-6F8E4FEEE9A1}.Debug|Any CPU.ActiveCfg = Debug|Any CPU
		{7D61506C-52EC-41A4-BF2F-6F8E4FEEE9A1}.Debug|Any CPU.Build.0 = Debug|Any CPU
		{7D61506C-52EC-41A4-BF2F-6F8E4FEEE9A1}.Release|Any CPU.ActiveCfg = Release|Any CPU
		{7D61506C-52EC-41A4-BF2F-6F8E4FEEE9A1}.Release|Any CPU.Build.0 = Release|Any CPU
		{9F2877E7-0BDD-4E2F-9290-6E18F8D60BBF}.Debug|Any CPU.ActiveCfg = Debug|Any CPU
		{9F2877E7-0BDD-4E2F-9290-6E18F8D60BBF}.Debug|Any CPU.Build.0 = Debug|Any CPU
		{9F2877E7-0BDD-4E2F-9290-6E18F8D60BBF}.Release|Any CPU.ActiveCfg = Release|Any CPU
		{9F2877E7-0BDD-4E2F-9290-6E18F8D60BBF}.Release|Any CPU.Build.0 = Release|Any CPU
		{5A6BEB57-0467-442B-BC24-8CE7C3FFBDD3}.Debug|Any CPU.ActiveCfg = Debug|Any CPU
		{5A6BEB57-0467-442B-BC24-8CE7C3FFBDD3}.Debug|Any CPU.Build.0 = Debug|Any CPU
		{5A6BEB57-0467-442B-BC24-8CE7C3FFBDD3}.Release|Any CPU.ActiveCfg = Release|Any CPU
		{5A6BEB57-0467-442B-BC24-8CE7C3FFBDD3}.Release|Any CPU.Build.0 = Release|Any CPU
		{D9FB3E9F-F77B-47DC-99DA-C36B25C7E70F}.Debug|Any CPU.ActiveCfg = Debug|Any CPU
		{D9FB3E9F-F77B-47DC-99DA-C36B25C7E70F}.Debug|Any CPU.Build.0 = Debug|Any CPU
		{D9FB3E9F-F77B-47DC-99DA-C36B25C7E70F}.Release|Any CPU.ActiveCfg = Release|Any CPU
		{D9FB3E9F-F77B-47DC-99DA-C36B25C7E70F}.Release|Any CPU.Build.0 = Release|Any CPU
	EndGlobalSection
	GlobalSection(SolutionProperties) = preSolution
		HideSolutionNode = FALSE
	EndGlobalSection
	GlobalSection(ExtensibilityGlobals) = postSolution
		SolutionGuid = {74BE96BB-2315-4B57-BA98-AFD6313838C8}
	EndGlobalSection
EndGlobal
